{
  "nodes": {
    "flake-utils": {
      "locked": {
        "lastModified": 1667395993,
        "narHash": "sha256-nuEHfE/LcWyuSWnS8t12N1wc105Qtau+/OdUAjtQ0rA=",
        "owner": "numtide",
        "repo": "flake-utils",
        "rev": "5aed5285a952e0b949eb3ba02c12fa4fcfef535f",
        "type": "github"
      },
      "original": {
        "owner": "numtide",
        "repo": "flake-utils",
        "type": "github"
      }
    },
    "flake-utils_2": {
      "locked": {
        "lastModified": 1667395993,
        "narHash": "sha256-nuEHfE/LcWyuSWnS8t12N1wc105Qtau+/OdUAjtQ0rA=",
        "owner": "numtide",
        "repo": "flake-utils",
        "rev": "5aed5285a952e0b949eb3ba02c12fa4fcfef535f",
        "type": "github"
      },
      "original": {
        "owner": "numtide",
        "repo": "flake-utils",
        "type": "github"
      }
    },
    "nixpkgs": {
      "locked": {
        "lastModified": 1671391912,
        "narHash": "sha256-W8sbJuN/i+OZdRuIzDiIyKOqVB/G26zh9DQL1rfp2xk=",
        "owner": "NixOS",
        "repo": "nixpkgs",
        "rev": "09e8ac77744dd036e58ab2284e6f5c03a6d6ed41",
        "type": "github"
      },
      "original": {
        "owner": "NixOS",
        "ref": "release-22.11",
        "repo": "nixpkgs",
        "type": "github"
      }
    },
    "nixpkgs_2": {
      "locked": {
        "lastModified": 1672445539,
        "narHash": "sha256-wb92a4hgDiLV1Zb9f+Pjd5ORmo3IxxI4AkJC/Ig6gqg=",
        "owner": "NixOS",
        "repo": "nixpkgs",
        "rev": "52320d9779090d5f3427afca688b4246351c2b12",
        "type": "github"
      },
      "original": {
        "owner": "NixOS",
        "ref": "haskell-updates",
        "repo": "nixpkgs",
        "type": "github"
      }
    },
    "root": {
      "inputs": {
        "flake-utils": "flake-utils",
        "nixpkgs": "nixpkgs",
        "true-name": "true-name"
      }
    },
    "true-name": {
      "inputs": {
        "flake-utils": "flake-utils_2",
        "nixpkgs": "nixpkgs_2"
      },
      "locked": {
        "lastModified": 1672447106,
        "narHash": "sha256-RJerQdGjz5mbslnzPgO+2v+G/9QOeaa155VKKAxyrVg=",
        "owner": "nuttycom",
        "repo": "true-name",
        "rev": "6ec32f4170a4bf823f6d80d1e3b6dc3e18746d87",
        "type": "github"
      },
      "original": {
        "owner": "nuttycom",
        "repo": "true-name",
        "rev": "6ec32f4170a4bf823f6d80d1e3b6dc3e18746d87",
        "type": "github"
      }
    }
  },
  "root": "root",
  "version": 7
}
